<?xml version="1.0" encoding="utf-8"?>
<Project ToolsVersion="4.0" xmlns="http://schemas.microsoft.com/developer/msbuild/2003">
  <ItemGroup>
    <Filter Include="Source Files">
      <UniqueIdentifier>{4FC737F1-C7A5-4376-A066-2A32D752A2FF}</UniqueIdentifier>
      <Extensions>cpp;c;cc;cxx;def;odl;idl;hpj;bat;asm;asmx</Extensions>
    </Filter>
    <Filter Include="Header Files">
      <UniqueIdentifier>{93995380-89BD-4b04-88EB-625FBE52EBFB}</UniqueIdentifier>
      <Extensions>h;hh;hpp;hxx;hm;inl;inc;xsd</Extensions>
    </Filter>
    <Filter Include="Resource Files">
      <UniqueIdentifier>{67DA6AB6-F800-4c08-8B7A-83BB121AAD01}</UniqueIdentifier>
      <Extensions>rc;ico;cur;bmp;dlg;rc2;rct;bin;rgs;gif;jpg;jpeg;jpe;resx;tiff;tif;png;wav;mfcribbon-ms</Extensions>
    </Filter>
    <Filter Include="src">
      <UniqueIdentifier>{816c5cde-65ec-4962-8875-3215d33fe8f9}</UniqueIdentifier>
    </Filter>
    <Filter Include="src\core">
      <UniqueIdentifier>{051181b7-e7ae-4e2b-a780-2dc48d13ebd8}</UniqueIdentifier>
    </Filter>
    <Filter Include="src\win">
      <UniqueIdentifier>{f7a45e45-0cad-4cd3-9931-a0825b3834c0}</UniqueIdentifier>
    </Filter>
  </ItemGroup>
  <ItemGroup>
    <Text Include="ReadMe.txt" />
  </ItemGroup>
  <ItemGroup>
    <ClCompile Include="..\libevent-2.1.8-stable\buffer.c">
      <Filter>src\core</Filter>
    </ClCompile>
    <ClCompile Include="..\libevent-2.1.8-stable\bufferevent.c">
      <Filter>src\core</Filter>
    </ClCompile>
    <ClCompile Include="..\libevent-2.1.8-stable\bufferevent_filter.c">
      <Filter>src\core</Filter>
    </ClCompile>
    <ClCompile Include="..\libevent-2.1.8-stable\bufferevent_pair.c">
      <Filter>src\core</Filter>
    </ClCompile>
    <ClCompile Include="..\libevent-2.1.8-stable\bufferevent_ratelim.c">
      <Filter>src\core</Filter>
    </ClCompile>
    <ClCompile Include="..\libevent-2.1.8-stable\bufferevent_sock.c">
      <Filter>src\core</Filter>
    </ClCompile>
    <ClCompile Include="..\libevent-2.1.8-stable\event.c">
      <Filter>src\core</Filter>
    </ClCompile>
    <ClCompile Include="..\libevent-2.1.8-stable\evmap.c">
      <Filter>src\core</Filter>
    </ClCompile>
    <ClCompile Include="..\libevent-2.1.8-stable\evthread.c">
      <Filter>src\core</Filter>
    </ClCompile>
    <ClCompile Include="..\libevent-2.1.8-stable\evutil.c">
      <Filter>src\core</Filter>
    </ClCompile>
    <ClCompile Include="..\libevent-2.1.8-stable\evutil_rand.c">
      <Filter>src\core</Filter>
    </ClCompile>
    <ClCompile Include="..\libevent-2.1.8-stable\evutil_time.c">
      <Filter>src\core</Filter>
    </ClCompile>
    <ClCompile Include="..\libevent-2.1.8-stable\listener.c">
      <Filter>src\core</Filter>
    </ClCompile>
    <ClCompile Include="..\libevent-2.1.8-stable\log.c">
      <Filter>src\core</Filter>
    </ClCompile>
    <ClCompile Include="..\libevent-2.1.8-stable\signal.c">
      <Filter>src\core</Filter>
    </ClCompile>
    <ClCompile Include="..\libevent-2.1.8-stable\strlcpy.c">
      <Filter>src\core</Filter>
    </ClCompile>
    <ClCompile Include="..\libevent-2.1.8-stable\buffer_iocp.c">
      <Filter>src\win</Filter>
    </ClCompile>
    <ClCompile Include="..\libevent-2.1.8-stable\bufferevent_async.c">
      <Filter>src\win</Filter>
    </ClCompile>
    <ClCompile Include="..\libevent-2.1.8-stable\event_iocp.c">
      <Filter>src\win</Filter>
    </ClCompile>
    <ClCompile Include="..\libevent-2.1.8-stable\evthread_win32.c">
      <Filter>src\win</Filter>
    </ClCompile>
    <ClCompile Include="..\libevent-2.1.8-stable\win32select.c">
      <Filter>src\win</Filter>
    </ClCompile>
  </ItemGroup>
</Project>